
Microsoft Visual Studio Solution File, Format Version 12.00
# Visual Studio Version 16
VisualStudioVersion = 16.0.32106.194
MinimumVisualStudioVersion = 10.0.40219.1
Project("{9A19103F-16F7-4668-BE54-9A1E7A4F7556}") = "RAPITest", "RAPITest\RAPITest.csproj", "{5305C047-ABA6-4DD5-BB30-C2613317CDFF}"
	ProjectSection(ProjectDependencies) = postProject
		{B8F086BE-34C5-4B0D-A8B7-2BDBC6A2B53D} = {B8F086BE-34C5-4B0D-A8B7-2BDBC6A2B53D}
	EndProjectSection
EndProject
Project("{9A19103F-16F7-4668-BE54-9A1E7A4F7556}") = "SetupTestsWorkerService", "SetupTestsWorkerService\SetupTestsWorkerService.csproj", "{EB557941-5977-4227-A762-EA400BBADAB4}"
	ProjectSection(ProjectDependencies) = postProject
		{B8F086BE-34C5-4B0D-A8B7-2BDBC6A2B53D} = {B8F086BE-34C5-4B0D-A8B7-2BDBC6A2B53D}
	EndProjectSection
EndProject
Project("{9A19103F-16F7-4668-BE54-9A1E7A4F7556}") = "RunTestsWorkerService", "RunTestsWorkerService\RunTestsWorkerService.csproj", "{3BC6981F-46B3-496B-940E-3AC706077538}"
	ProjectSection(ProjectDependencies) = postProject
		{B8F086BE-34C5-4B0D-A8B7-2BDBC6A2B53D} = {B8F086BE-34C5-4B0D-A8B7-2BDBC6A2B53D}
	EndProjectSection
EndProject
Project("{FAE04EC0-301F-11D3-BF4B-00C04F79EFBC}") = "ModelsLibrary", "ModelsLibrary\ModelsLibrary.csproj", "{B8F086BE-34C5-4B0D-A8B7-2BDBC6A2B53D}"
EndProject
Global
	GlobalSection(SolutionConfigurationPlatforms) = preSolution
		Debug|Any CPU = Debug|Any CPU
		Release|Any CPU = Release|Any CPU
	EndGlobalSection
	GlobalSection(ProjectConfigurationPlatforms) = postSolution
		{5305C047-ABA6-4DD5-BB30-C2613317CDFF}.Debug|Any CPU.ActiveCfg = Debug|Any CPU
		{5305C047-ABA6-4DD5-BB30-C2613317CDFF}.Debug|Any CPU.Build.0 = Debug|Any CPU
		{5305C047-ABA6-4DD5-BB30-C2613317CDFF}.Release|Any CPU.ActiveCfg = Release|Any CPU
		{5305C047-ABA6-4DD5-BB30-C2613317CDFF}.Release|Any CPU.Build.0 = Release|Any CPU
		{EB557941-5977-4227-A762-EA400BBADAB4}.Debug|Any CPU.ActiveCfg = Debug|Any CPU
		{EB557941-5977-4227-A762-EA400BBADAB4}.Debug|Any CPU.Build.0 = Debug|Any CPU
		{EB557941-5977-4227-A762-EA400BBADAB4}.Release|Any CPU.ActiveCfg = Release|Any CPU
		{EB557941-5977-4227-A762-EA400BBADAB4}.Release|Any CPU.Build.0 = Release|Any CPU
		{3BC6981F-46B3-496B-940E-3AC706077538}.Debug|Any CPU.ActiveCfg = Debug|Any CPU
		{3BC6981F-46B3-496B-940E-3AC706077538}.Debug|Any CPU.Build.0 = Debug|Any CPU
		{3BC6981F-46B3-496B-940E-3AC706077538}.Release|Any CPU.ActiveCfg = Release|Any CPU
		{3BC6981F-46B3-496B-940E-3AC706077538}.Release|Any CPU.Build.0 = Release|Any CPU
		{B8F086BE-34C5-4B0D-A8B7-2BDBC6A2B53D}.Debug|Any CPU.ActiveCfg = Debug|Any CPU
		{B8F086BE-34C5-4B0D-A8B7-2BDBC6A2B53D}.Debug|Any CPU.Build.0 = Debug|Any CPU
		{B8F086BE-34C5-4B0D-A8B7-2BDBC6A2B53D}.Release|Any CPU.ActiveCfg = Release|Any CPU
		{B8F086BE-34C5-4B0D-A8B7-2BDBC6A2B53D}.Release|Any CPU.Build.0 = Release|Any CPU
	EndGlobalSection
	GlobalSection(SolutionProperties) = preSolution
		HideSolutionNode = FALSE
	EndGlobalSection
	GlobalSection(ExtensibilityGlobals) = postSolution
		SolutionGuid = {8D3F995B-4C76-41B0-BBFA-A24AF6A1202C}
	EndGlobalSection
EndGlobal
